
Microsoft Visual Studio Solution File, Format Version 12.00
# Visual Studio Version 16
VisualStudioVersion = 16.0.30104.148
MinimumVisualStudioVersion = 10.0.40219.1
Project("{FAE04EC0-301F-11D3-BF4B-00C04F79EFBC}") = "csharpLearner", "csharpLearner\csharpLearner.csproj", "{26D8F1D4-BFD9-4DDC-8F0F-A63950E73A11}"
EndProject
Global
	GlobalSection(SolutionConfigurationPlatforms) = preSolution
		Debug|Any CPU = Debug|Any CPU
		Release|Any CPU = Release|Any CPU
	EndGlobalSection
	GlobalSection(ProjectConfigurationPlatforms) = postSolution
		{26D8F1D4-BFD9-4DDC-8F0F-A63950E73A11}.Debug|Any CPU.ActiveCfg = Debug|Any CPU
		{26D8F1D4-BFD9-4DDC-8F0F-A63950E73A11}.Debug|Any CPU.Build.0 = Debug|Any CPU
		{26D8F1D4-BFD9-4DDC-8F0F-A63950E73A11}.Release|Any CPU.ActiveCfg = Release|Any CPU
		{26D8F1D4-BFD9-4DDC-8F0F-A63950E73A11}.Release|Any CPU.Build.0 = Release|Any CPU
	EndGlobalSection
	GlobalSection(SolutionProperties) = preSolution
		HideSolutionNode = FALSE
	EndGlobalSection
	GlobalSection(ExtensibilityGlobals) = postSolution
		SolutionGuid = {BA5A9574-3760-46F6-9DB6-17D98BA9FF7F}
	EndGlobalSection
EndGlobal
